
Microsoft Visual Studio Solution File, Format Version 12.00
# Visual Studio 15
VisualStudioVersion = 15.0.28307.645
MinimumVisualStudioVersion = 10.0.40219.1
Project("{9A19103F-16F7-4668-BE54-9A1E7A4F7556}") = "UnitOfWorkLibary", "UnitOfWorkLibary\UnitOfWorkLibary.csproj", "{61BE3C90-5F69-4BD7-A95C-107EF7768023}"
EndProject
Project("{9A19103F-16F7-4668-BE54-9A1E7A4F7556}") = "NetCore.CodeFirstLibrary.DataAccess", "CodeFirstLibrary\NetCore.CodeFirstLibrary.DataAccess.csproj", "{3698C773-C4CA-4A72-95CF-39DB67213130}"
EndProject
Project("{FAE04EC0-301F-11D3-BF4B-00C04F79EFBC}") = "NetFramework.DataAccess", "NetFramework.DataAccess\NetFramework.DataAccess.csproj", "{B1004CBA-7FB7-4D1C-A71A-DCA1C9C2FFB6}"
EndProject
Project("{FAE04EC0-301F-11D3-BF4B-00C04F79EFBC}") = "NetFramework.Test", "Framework.Test\NetFramework.Test.csproj", "{B37F39F7-6A80-41B0-AA58-03575C9A7455}"
EndProject
Project("{9A19103F-16F7-4668-BE54-9A1E7A4F7556}") = "NetCore.EFCodeFirstDemo", "EFCodeFirstDemo\NetCore.EFCodeFirstDemo.csproj", "{34FEAA71-6190-45C3-9758-19D34AEEFCB7}"
EndProject
Project("{9A19103F-16F7-4668-BE54-9A1E7A4F7556}") = "Netcore.Services", "Netcore.Services\Netcore.Services.csproj", "{031B88EC-9CF4-4905-8580-2F54C5F8C945}"
EndProject
Project("{9A19103F-16F7-4668-BE54-9A1E7A4F7556}") = "NetCore.Web", "NetCore.Web\NetCore.Web.csproj", "{1CC379CD-E2E9-4C57-BD72-C6FDB5F89F4E}"
EndProject
Project("{9A19103F-16F7-4668-BE54-9A1E7A4F7556}") = "Netcore.ConsoleEntry", "Netcore.Console\Netcore.ConsoleEntry.csproj", "{4B6F0D8B-3C17-4FDA-AE1C-D63249EC0A3E}"
EndProject
Project("{9A19103F-16F7-4668-BE54-9A1E7A4F7556}") = "NetCore.SmallUnit", "NetCore.SmallUnit\NetCore.SmallUnit.csproj", "{B64BBF7B-981F-4DEE-82A5-27DC6568382E}"
EndProject
Project("{FAE04EC0-301F-11D3-BF4B-00C04F79EFBC}") = "WebApiInterface.CheckAlive", "WebApiInterface.CheckAlive\WebApiInterface.CheckAlive.csproj", "{E02D578D-CB73-42FE-84BE-219E798FC213}"
EndProject
Global
	GlobalSection(SolutionConfigurationPlatforms) = preSolution
		Debug|Any CPU = Debug|Any CPU
		Release|Any CPU = Release|Any CPU
	EndGlobalSection
	GlobalSection(ProjectConfigurationPlatforms) = postSolution
		{61BE3C90-5F69-4BD7-A95C-107EF7768023}.Debug|Any CPU.ActiveCfg = Debug|Any CPU
		{61BE3C90-5F69-4BD7-A95C-107EF7768023}.Debug|Any CPU.Build.0 = Debug|Any CPU
		{61BE3C90-5F69-4BD7-A95C-107EF7768023}.Release|Any CPU.ActiveCfg = Release|Any CPU
		{61BE3C90-5F69-4BD7-A95C-107EF7768023}.Release|Any CPU.Build.0 = Release|Any CPU
		{3698C773-C4CA-4A72-95CF-39DB67213130}.Debug|Any CPU.ActiveCfg = Debug|Any CPU
		{3698C773-C4CA-4A72-95CF-39DB67213130}.Debug|Any CPU.Build.0 = Debug|Any CPU
		{3698C773-C4CA-4A72-95CF-39DB67213130}.Release|Any CPU.ActiveCfg = Release|Any CPU
		{3698C773-C4CA-4A72-95CF-39DB67213130}.Release|Any CPU.Build.0 = Release|Any CPU
		{B1004CBA-7FB7-4D1C-A71A-DCA1C9C2FFB6}.Debug|Any CPU.ActiveCfg = Debug|Any CPU
		{B1004CBA-7FB7-4D1C-A71A-DCA1C9C2FFB6}.Debug|Any CPU.Build.0 = Debug|Any CPU
		{B1004CBA-7FB7-4D1C-A71A-DCA1C9C2FFB6}.Release|Any CPU.ActiveCfg = Release|Any CPU
		{B1004CBA-7FB7-4D1C-A71A-DCA1C9C2FFB6}.Release|Any CPU.Build.0 = Release|Any CPU
		{B37F39F7-6A80-41B0-AA58-03575C9A7455}.Debug|Any CPU.ActiveCfg = Debug|Any CPU
		{B37F39F7-6A80-41B0-AA58-03575C9A7455}.Debug|Any CPU.Build.0 = Debug|Any CPU
		{B37F39F7-6A80-41B0-AA58-03575C9A7455}.Release|Any CPU.ActiveCfg = Release|Any CPU
		{B37F39F7-6A80-41B0-AA58-03575C9A7455}.Release|Any CPU.Build.0 = Release|Any CPU
		{34FEAA71-6190-45C3-9758-19D34AEEFCB7}.Debug|Any CPU.ActiveCfg = Debug|Any CPU
		{34FEAA71-6190-45C3-9758-19D34AEEFCB7}.Debug|Any CPU.Build.0 = Debug|Any CPU
		{34FEAA71-6190-45C3-9758-19D34AEEFCB7}.Release|Any CPU.ActiveCfg = Release|Any CPU
		{34FEAA71-6190-45C3-9758-19D34AEEFCB7}.Release|Any CPU.Build.0 = Release|Any CPU
		{031B88EC-9CF4-4905-8580-2F54C5F8C945}.Debug|Any CPU.ActiveCfg = Debug|Any CPU
		{031B88EC-9CF4-4905-8580-2F54C5F8C945}.Debug|Any CPU.Build.0 = Debug|Any CPU
		{031B88EC-9CF4-4905-8580-2F54C5F8C945}.Release|Any CPU.ActiveCfg = Release|Any CPU
		{031B88EC-9CF4-4905-8580-2F54C5F8C945}.Release|Any CPU.Build.0 = Release|Any CPU
		{1CC379CD-E2E9-4C57-BD72-C6FDB5F89F4E}.Debug|Any CPU.ActiveCfg = Debug|Any CPU
		{1CC379CD-E2E9-4C57-BD72-C6FDB5F89F4E}.Debug|Any CPU.Build.0 = Debug|Any CPU
		{1CC379CD-E2E9-4C57-BD72-C6FDB5F89F4E}.Release|Any CPU.ActiveCfg = Release|Any CPU
		{1CC379CD-E2E9-4C57-BD72-C6FDB5F89F4E}.Release|Any CPU.Build.0 = Release|Any CPU
		{4B6F0D8B-3C17-4FDA-AE1C-D63249EC0A3E}.Debug|Any CPU.ActiveCfg = Debug|Any CPU
		{4B6F0D8B-3C17-4FDA-AE1C-D63249EC0A3E}.Debug|Any CPU.Build.0 = Debug|Any CPU
		{4B6F0D8B-3C17-4FDA-AE1C-D63249EC0A3E}.Release|Any CPU.ActiveCfg = Release|Any CPU
		{4B6F0D8B-3C17-4FDA-AE1C-D63249EC0A3E}.Release|Any CPU.Build.0 = Release|Any CPU
		{B64BBF7B-981F-4DEE-82A5-27DC6568382E}.Debug|Any CPU.ActiveCfg = Debug|Any CPU
		{B64BBF7B-981F-4DEE-82A5-27DC6568382E}.Debug|Any CPU.Build.0 = Debug|Any CPU
		{B64BBF7B-981F-4DEE-82A5-27DC6568382E}.Release|Any CPU.ActiveCfg = Release|Any CPU
		{B64BBF7B-981F-4DEE-82A5-27DC6568382E}.Release|Any CPU.Build.0 = Release|Any CPU
		{E02D578D-CB73-42FE-84BE-219E798FC213}.Debug|Any CPU.ActiveCfg = Debug|Any CPU
		{E02D578D-CB73-42FE-84BE-219E798FC213}.Debug|Any CPU.Build.0 = Debug|Any CPU
		{E02D578D-CB73-42FE-84BE-219E798FC213}.Release|Any CPU.ActiveCfg = Release|Any CPU
		{E02D578D-CB73-42FE-84BE-219E798FC213}.Release|Any CPU.Build.0 = Release|Any CPU
	EndGlobalSection
	GlobalSection(SolutionProperties) = preSolution
		HideSolutionNode = FALSE
	EndGlobalSection
	GlobalSection(ExtensibilityGlobals) = postSolution
		SolutionGuid = {670BB01D-7E78-4A69-AA65-8A81E1723047}
	EndGlobalSection
EndGlobal
